
Microsoft Visual Studio Solution File, Format Version 12.00
# Visual Studio Version 17
VisualStudioVersion = 17.5.002.0
MinimumVisualStudioVersion = 10.0.40219.1
Project("{9A19103F-16F7-4668-BE54-9A1E7A4F7556}") = "UpdateProducts", "UpdateProducts.csproj", "{DCABDA4C-F0E1-408E-B38D-9EAB8CB42B2D}"
EndProject
Global
	GlobalSection(SolutionConfigurationPlatforms) = preSolution
		Debug|Any CPU = Debug|Any CPU
		Release|Any CPU = Release|Any CPU
	EndGlobalSection
	GlobalSection(ProjectConfigurationPlatforms) = postSolution
		{DCABDA4C-F0E1-408E-B38D-9EAB8CB42B2D}.Debug|Any CPU.ActiveCfg = Debug|Any CPU
		{DCABDA4C-F0E1-408E-B38D-9EAB8CB42B2D}.Debug|Any CPU.Build.0 = Debug|Any CPU
		{DCABDA4C-F0E1-408E-B38D-9EAB8CB42B2D}.Release|Any CPU.ActiveCfg = Release|Any CPU
		{DCABDA4C-F0E1-408E-B38D-9EAB8CB42B2D}.Release|Any CPU.Build.0 = Release|Any CPU
	EndGlobalSection
	GlobalSection(SolutionProperties) = preSolution
		HideSolutionNode = FALSE
	EndGlobalSection
	GlobalSection(ExtensibilityGlobals) = postSolution
		SolutionGuid = {803F9ADD-05E6-494D-81C0-79A9EFE52618}
	EndGlobalSection
EndGlobal
